<?xml version="1.0" encoding="UTF-8"?>
<Project ToolsVersion="15.0" xmlns="http://schemas.microsoft.com/developer/msbuild/2003">
  <ItemGroup>
    <CustomBuild Include="D:\cpp-course\bigint\CMakeFiles\eed7407cc0169c954c4097066a10ac93\generate.stamp.rule">
      <Filter>CMake Rules</Filter>
    </CustomBuild>
  </ItemGroup>
  <ItemGroup>
    <Filter Include="CMake Rules">
      <UniqueIdentifier>{74C0A75B-F2DD-3301-ADD6-81A74A8FE3D9}</UniqueIdentifier>
    </Filter>
  </ItemGroup>
</Project>
